
Microsoft Visual Studio Solution File, Format Version 12.00
# Visual Studio Version 17
VisualStudioVersion = 17.2.32616.157
MinimumVisualStudioVersion = 10.0.40219.1
Project("{FAE04EC0-301F-11D3-BF4B-00C04F79EFBC}") = "LauncherforTaksiDeliveryAPP", "LauncherforTaksiDeliveryAPP.csproj", "{59839F54-98B5-47C4-BBBC-3D01A01B6729}"
EndProject
Global
	GlobalSection(SolutionConfigurationPlatforms) = preSolution
		Debug|Any CPU = Debug|Any CPU
		Release|Any CPU = Release|Any CPU
	EndGlobalSection
	GlobalSection(ProjectConfigurationPlatforms) = postSolution
		{59839F54-98B5-47C4-BBBC-3D01A01B6729}.Debug|Any CPU.ActiveCfg = Debug|Any CPU
		{59839F54-98B5-47C4-BBBC-3D01A01B6729}.Debug|Any CPU.Build.0 = Debug|Any CPU
		{59839F54-98B5-47C4-BBBC-3D01A01B6729}.Release|Any CPU.ActiveCfg = Release|Any CPU
		{59839F54-98B5-47C4-BBBC-3D01A01B6729}.Release|Any CPU.Build.0 = Release|Any CPU
	EndGlobalSection
	GlobalSection(SolutionProperties) = preSolution
		HideSolutionNode = FALSE
	EndGlobalSection
	GlobalSection(ExtensibilityGlobals) = postSolution
		SolutionGuid = {1A954968-7899-40A4-9F38-2B3A5C2971D6}
	EndGlobalSection
EndGlobal
